
Microsoft Visual Studio Solution File, Format Version 12.00
# Visual Studio Version 17
VisualStudioVersion = 17.0.31903.59
MinimumVisualStudioVersion = 10.0.40219.1
Project("{FAE04EC0-301F-11D3-BF4B-00C04F79EFBC}") = "PaymentContext.Domain", "PaymentContext.Domain\PaymentContext.Domain.csproj", "{D4684C6C-63EA-4D80-8EC5-C4F54A28CBF2}"
EndProject
Project("{FAE04EC0-301F-11D3-BF4B-00C04F79EFBC}") = "PaymentContext.Shared", "PaymentContext.Shared\PaymentContext.Shared.csproj", "{8541D412-C682-4572-AC5D-197DAE8E070E}"
EndProject
Project("{FAE04EC0-301F-11D3-BF4B-00C04F79EFBC}") = "PaymentContext.Tests", "PaymentContext.Tests\PaymentContext.Tests.csproj", "{B79DBB9A-FDFF-4ED8-BD53-58EB0F8184E9}"
EndProject
Global
	GlobalSection(SolutionConfigurationPlatforms) = preSolution
		Debug|Any CPU = Debug|Any CPU
		Release|Any CPU = Release|Any CPU
	EndGlobalSection
	GlobalSection(SolutionProperties) = preSolution
		HideSolutionNode = FALSE
	EndGlobalSection
	GlobalSection(ProjectConfigurationPlatforms) = postSolution
		{D4684C6C-63EA-4D80-8EC5-C4F54A28CBF2}.Debug|Any CPU.ActiveCfg = Debug|Any CPU
		{D4684C6C-63EA-4D80-8EC5-C4F54A28CBF2}.Debug|Any CPU.Build.0 = Debug|Any CPU
		{D4684C6C-63EA-4D80-8EC5-C4F54A28CBF2}.Release|Any CPU.ActiveCfg = Release|Any CPU
		{D4684C6C-63EA-4D80-8EC5-C4F54A28CBF2}.Release|Any CPU.Build.0 = Release|Any CPU
		{8541D412-C682-4572-AC5D-197DAE8E070E}.Debug|Any CPU.ActiveCfg = Debug|Any CPU
		{8541D412-C682-4572-AC5D-197DAE8E070E}.Debug|Any CPU.Build.0 = Debug|Any CPU
		{8541D412-C682-4572-AC5D-197DAE8E070E}.Release|Any CPU.ActiveCfg = Release|Any CPU
		{8541D412-C682-4572-AC5D-197DAE8E070E}.Release|Any CPU.Build.0 = Release|Any CPU
		{B79DBB9A-FDFF-4ED8-BD53-58EB0F8184E9}.Debug|Any CPU.ActiveCfg = Debug|Any CPU
		{B79DBB9A-FDFF-4ED8-BD53-58EB0F8184E9}.Debug|Any CPU.Build.0 = Debug|Any CPU
		{B79DBB9A-FDFF-4ED8-BD53-58EB0F8184E9}.Release|Any CPU.ActiveCfg = Release|Any CPU
		{B79DBB9A-FDFF-4ED8-BD53-58EB0F8184E9}.Release|Any CPU.Build.0 = Release|Any CPU
	EndGlobalSection
EndGlobal
